
Microsoft Visual Studio Solution File, Format Version 12.00
# Visual Studio Version 17
VisualStudioVersion = 17.0.31903.59
MinimumVisualStudioVersion = 10.0.40219.1
Project("{FAE04EC0-301F-11D3-BF4B-00C04F79EFBC}") = "LogiTrack.API", "LogiTrack.API\LogiTrack.API.csproj", "{EAB8ED07-3B17-4A5D-B041-D950CE5A8D65}"
EndProject
Project("{FAE04EC0-301F-11D3-BF4B-00C04F79EFBC}") = "LogiTrack.Domain", "LogiTrack.Domain\LogiTrack.Domain.csproj", "{2362C497-7368-46DD-ACF2-1B1E6D9DF4F8}"
EndProject
Project("{FAE04EC0-301F-11D3-BF4B-00C04F79EFBC}") = "LogiTrack.Application", "LogiTrack.Application\LogiTrack.Application.csproj", "{F7B85B41-7E69-46D6-8BFD-A9232CB42E07}"
EndProject
Project("{FAE04EC0-301F-11D3-BF4B-00C04F79EFBC}") = "LogiTrack.Infrastructure", "LogiTrack.Infrastructure\LogiTrack.Infrastructure.csproj", "{634CEEEC-EC6F-443F-836A-7C7250F783D1}"
EndProject
Project("{FAE04EC0-301F-11D3-BF4B-00C04F79EFBC}") = "LogiTrack.Test", "LogiTrack.Test\LogiTrack.Test.csproj", "{BB7AF453-171A-4DD1-9026-47175C77A218}"
EndProject
Global
	GlobalSection(SolutionConfigurationPlatforms) = preSolution
		Debug|Any CPU = Debug|Any CPU
		Release|Any CPU = Release|Any CPU
	EndGlobalSection
	GlobalSection(ProjectConfigurationPlatforms) = postSolution
		{EAB8ED07-3B17-4A5D-B041-D950CE5A8D65}.Debug|Any CPU.ActiveCfg = Debug|Any CPU
		{EAB8ED07-3B17-4A5D-B041-D950CE5A8D65}.Debug|Any CPU.Build.0 = Debug|Any CPU
		{EAB8ED07-3B17-4A5D-B041-D950CE5A8D65}.Release|Any CPU.ActiveCfg = Release|Any CPU
		{EAB8ED07-3B17-4A5D-B041-D950CE5A8D65}.Release|Any CPU.Build.0 = Release|Any CPU
		{2362C497-7368-46DD-ACF2-1B1E6D9DF4F8}.Debug|Any CPU.ActiveCfg = Debug|Any CPU
		{2362C497-7368-46DD-ACF2-1B1E6D9DF4F8}.Debug|Any CPU.Build.0 = Debug|Any CPU
		{2362C497-7368-46DD-ACF2-1B1E6D9DF4F8}.Release|Any CPU.ActiveCfg = Release|Any CPU
		{2362C497-7368-46DD-ACF2-1B1E6D9DF4F8}.Release|Any CPU.Build.0 = Release|Any CPU
		{F7B85B41-7E69-46D6-8BFD-A9232CB42E07}.Debug|Any CPU.ActiveCfg = Debug|Any CPU
		{F7B85B41-7E69-46D6-8BFD-A9232CB42E07}.Debug|Any CPU.Build.0 = Debug|Any CPU
		{F7B85B41-7E69-46D6-8BFD-A9232CB42E07}.Release|Any CPU.ActiveCfg = Release|Any CPU
		{F7B85B41-7E69-46D6-8BFD-A9232CB42E07}.Release|Any CPU.Build.0 = Release|Any CPU
		{634CEEEC-EC6F-443F-836A-7C7250F783D1}.Debug|Any CPU.ActiveCfg = Debug|Any CPU
		{634CEEEC-EC6F-443F-836A-7C7250F783D1}.Debug|Any CPU.Build.0 = Debug|Any CPU
		{634CEEEC-EC6F-443F-836A-7C7250F783D1}.Release|Any CPU.ActiveCfg = Release|Any CPU
		{634CEEEC-EC6F-443F-836A-7C7250F783D1}.Release|Any CPU.Build.0 = Release|Any CPU
		{BB7AF453-171A-4DD1-9026-47175C77A218}.Debug|Any CPU.ActiveCfg = Debug|Any CPU
		{BB7AF453-171A-4DD1-9026-47175C77A218}.Debug|Any CPU.Build.0 = Debug|Any CPU
		{BB7AF453-171A-4DD1-9026-47175C77A218}.Release|Any CPU.ActiveCfg = Release|Any CPU
		{BB7AF453-171A-4DD1-9026-47175C77A218}.Release|Any CPU.Build.0 = Release|Any CPU
	EndGlobalSection
	GlobalSection(SolutionProperties) = preSolution
		HideSolutionNode = FALSE
	EndGlobalSection
EndGlobal
